
Microsoft Visual Studio Solution File, Format Version 12.00
# Visual Studio Version 17
VisualStudioVersion = 17.2.32505.173
MinimumVisualStudioVersion = 10.0.40219.1
Project("{FAE04EC0-301F-11D3-BF4B-00C04F79EFBC}") = "Sorting", "Sorting\Sorting.csproj", "{B1067221-5ABD-4BD8-ACB0-76221B59895E}"
EndProject
Global
	GlobalSection(SolutionConfigurationPlatforms) = preSolution
		Debug|Any CPU = Debug|Any CPU
		Release|Any CPU = Release|Any CPU
	EndGlobalSection
	GlobalSection(ProjectConfigurationPlatforms) = postSolution
		{B1067221-5ABD-4BD8-ACB0-76221B59895E}.Debug|Any CPU.ActiveCfg = Debug|Any CPU
		{B1067221-5ABD-4BD8-ACB0-76221B59895E}.Debug|Any CPU.Build.0 = Debug|Any CPU
		{B1067221-5ABD-4BD8-ACB0-76221B59895E}.Release|Any CPU.ActiveCfg = Release|Any CPU
		{B1067221-5ABD-4BD8-ACB0-76221B59895E}.Release|Any CPU.Build.0 = Release|Any CPU
	EndGlobalSection
	GlobalSection(SolutionProperties) = preSolution
		HideSolutionNode = FALSE
	EndGlobalSection
	GlobalSection(ExtensibilityGlobals) = postSolution
		SolutionGuid = {4CB1341B-2F66-44DF-9F5F-3CE664DE0044}
	EndGlobalSection
EndGlobal
